// !$*UTF8*$!
{
	archiveVersion = 1;
	classes = {
	};
	objectVersion = 56;
	objects = {

/* Begin PBXBuildFile section */
		0CB28A4938E270A5BD2F9572 /* Pods_KUTRAVEL_KUTRAVELUITests.framework in Frameworks */ = {isa = PBXBuildFile; fileRef = 95FD1583BDA793C3584400D6 /* Pods_KUTRAVEL_KUTRAVELUITests.framework */; };
		1E2E67B72A210699003F5FC4 /* StatisticViewController.swift in Sources */ = {isa = PBXBuildFile; fileRef = 1E2E67B62A210699003F5FC4 /* StatisticViewController.swift */; };
		1E2E67B92A2107B7003F5FC4 /* StatsDataSource.swift in Sources */ = {isa = PBXBuildFile; fileRef = 1E2E67B82A2107B7003F5FC4 /* StatsDataSource.swift */; };
		1E2E67BB2A2107C9003F5FC4 /* StatsDataDelegate.swift in Sources */ = {isa = PBXBuildFile; fileRef = 1E2E67BA2A2107C9003F5FC4 /* StatsDataDelegate.swift */; };
		1EB978192A1E618600C2D42B /* SignUpViewController.swift in Sources */ = {isa = PBXBuildFile; fileRef = 1EB978162A1E618200C2D42B /* SignUpViewController.swift */; };
		1EB9781A2A1E618600C2D42B /* ProfileScreenViewController.swift in Sources */ = {isa = PBXBuildFile; fileRef = 1EB978172A1E618400C2D42B /* ProfileScreenViewController.swift */; };
		1EB9781B2A1E618600C2D42B /* ResetPasswordViewController.swift in Sources */ = {isa = PBXBuildFile; fileRef = 1EB978182A1E618600C2D42B /* ResetPasswordViewController.swift */; };
		1EB978222A1E61E000C2D42B /* HistoryOfHitchhikesTableViewCell.swift in Sources */ = {isa = PBXBuildFile; fileRef = 1EB9781C2A1E61D300C2D42B /* HistoryOfHitchhikesTableViewCell.swift */; };
		1EB978232A1E61E000C2D42B /* HistoryOfRidesTableViewCell.swift in Sources */ = {isa = PBXBuildFile; fileRef = 1EB9781D2A1E61D500C2D42B /* HistoryOfRidesTableViewCell.swift */; };
		1EB978242A1E61E000C2D42B /* HitchListTableViewCell.swift in Sources */ = {isa = PBXBuildFile; fileRef = 1EB9781E2A1E61D900C2D42B /* HitchListTableViewCell.swift */; };
		1EB978252A1E61E000C2D42B /* RideListTableViewCell.swift in Sources */ = {isa = PBXBuildFile; fileRef = 1EB9781F2A1E61DC00C2D42B /* RideListTableViewCell.swift */; };
		1EB978262A1E61E000C2D42B /* RidesAfterSearchTableViewCell.swift in Sources */ = {isa = PBXBuildFile; fileRef = 1EB978202A1E61DE00C2D42B /* RidesAfterSearchTableViewCell.swift */; };
		1EB978272A1E61E000C2D42B /* RideRequestTableViewCell.swift in Sources */ = {isa = PBXBuildFile; fileRef = 1EB978212A1E61E000C2D42B /* RideRequestTableViewCell.swift */; };
		1EB978292A1E61EE00C2D42B /* searchRideUIView.swift in Sources */ = {isa = PBXBuildFile; fileRef = 1EB978282A1E61EE00C2D42B /* searchRideUIView.swift */; };
		1EB978362A1E623300C2D42B /* SignInHelper.swift in Sources */ = {isa = PBXBuildFile; fileRef = 1EB9782A2A1E620100C2D42B /* SignInHelper.swift */; };
		1EB978372A1E623300C2D42B /* SignInDelegate.swift in Sources */ = {isa = PBXBuildFile; fileRef = 1EB9782B2A1E620500C2D42B /* SignInDelegate.swift */; };
		1EB978382A1E623300C2D42B /* ResetPasswordHelper.swift in Sources */ = {isa = PBXBuildFile; fileRef = 1EB9782C2A1E620A00C2D42B /* ResetPasswordHelper.swift */; };
		1EB978392A1E623300C2D42B /* SignUpDelegate.swift in Sources */ = {isa = PBXBuildFile; fileRef = 1EB9782D2A1E621000C2D42B /* SignUpDelegate.swift */; };
		1EB9783A2A1E623300C2D42B /* ProfileHelper.swift in Sources */ = {isa = PBXBuildFile; fileRef = 1EB9782E2A1E621400C2D42B /* ProfileHelper.swift */; };
		1EB9783B2A1E623300C2D42B /* DatabaseManager.swift in Sources */ = {isa = PBXBuildFile; fileRef = 1EB9782F2A1E621700C2D42B /* DatabaseManager.swift */; };
		1EB9783C2A1E623300C2D42B /* SignUpHelper.swift in Sources */ = {isa = PBXBuildFile; fileRef = 1EB978302A1E621A00C2D42B /* SignUpHelper.swift */; };
		1EB9783D2A1E623300C2D42B /* ProfileDelegate.swift in Sources */ = {isa = PBXBuildFile; fileRef = 1EB978312A1E621F00C2D42B /* ProfileDelegate.swift */; };
		1EB9783E2A1E623300C2D42B /* SecondSignUpDelegate.swift in Sources */ = {isa = PBXBuildFile; fileRef = 1EB978322A1E622700C2D42B /* SecondSignUpDelegate.swift */; };
		1EB9783F2A1E623300C2D42B /* User.swift in Sources */ = {isa = PBXBuildFile; fileRef = 1EB978332A1E622C00C2D42B /* User.swift */; };
		1EB978402A1E623300C2D42B /* ResetPasswordDelegate.swift in Sources */ = {isa = PBXBuildFile; fileRef = 1EB978342A1E623000C2D42B /* ResetPasswordDelegate.swift */; };
		1EB978412A1E623300C2D42B /* SecondSignUpHelper.swift in Sources */ = {isa = PBXBuildFile; fileRef = 1EB978352A1E623300C2D42B /* SecondSignUpHelper.swift */; };
		1EB978432A1E7A8800C2D42B /* MyRidesViewController.swift in Sources */ = {isa = PBXBuildFile; fileRef = 1EB978422A1E7A8800C2D42B /* MyRidesViewController.swift */; };
		1EB978462A1E7B1100C2D42B /* MyRidesDataSource.swift in Sources */ = {isa = PBXBuildFile; fileRef = 1EB978442A1E7B0400C2D42B /* MyRidesDataSource.swift */; };
		1EB978472A1E7B1100C2D42B /* MyRidesDataDelegate.swift in Sources */ = {isa = PBXBuildFile; fileRef = 1EB978452A1E7B1100C2D42B /* MyRidesDataDelegate.swift */; };
		1EB978492A1E7B9F00C2D42B /* Ride.swift in Sources */ = {isa = PBXBuildFile; fileRef = 1EB978482A1E7B9F00C2D42B /* Ride.swift */; };
		1EB9786F2A1F5D4400C2D42B /* ReviewOthersViewController.swift in Sources */ = {isa = PBXBuildFile; fileRef = 1EB9786E2A1F5D4400C2D42B /* ReviewOthersViewController.swift */; };
		1EB978712A1F5D5500C2D42B /* RideRequestsViewController.swift in Sources */ = {isa = PBXBuildFile; fileRef = 1EB978702A1F5D5500C2D42B /* RideRequestsViewController.swift */; };
		1EB978732A1F5D8400C2D42B /* PublishRideViewController.swift in Sources */ = {isa = PBXBuildFile; fileRef = 1EB978722A1F5D8400C2D42B /* PublishRideViewController.swift */; };
		1EB978762A1F5DB600C2D42B /* ReviewOthersDataSource.swift in Sources */ = {isa = PBXBuildFile; fileRef = 1EB978742A1F5DB100C2D42B /* ReviewOthersDataSource.swift */; };
		1EB978772A1F5DB600C2D42B /* ReviewOthersHelper.swift in Sources */ = {isa = PBXBuildFile; fileRef = 1EB978752A1F5DB600C2D42B /* ReviewOthersHelper.swift */; };
		1EB978792A1F5DD500C2D42B /* ReviewOthersDelegate.swift in Sources */ = {isa = PBXBuildFile; fileRef = 1EB978782A1F5DD500C2D42B /* ReviewOthersDelegate.swift */; };
		1EB9787C2A1F5DED00C2D42B /* RideRequestHelper.swift in Sources */ = {isa = PBXBuildFile; fileRef = 1EB9787A2A1F5DE700C2D42B /* RideRequestHelper.swift */; };
		1EB9787D2A1F5DED00C2D42B /* RideRequestDataSource.swift in Sources */ = {isa = PBXBuildFile; fileRef = 1EB9787B2A1F5DED00C2D42B /* RideRequestDataSource.swift */; };
		1EB9787F2A1F5DF600C2D42B /* RideRequest.swift in Sources */ = {isa = PBXBuildFile; fileRef = 1EB9787E2A1F5DF600C2D42B /* RideRequest.swift */; };
		1EB978812A1F5E1300C2D42B /* RideRequestDataDelegate.swift in Sources */ = {isa = PBXBuildFile; fileRef = 1EB978802A1F5E1300C2D42B /* RideRequestDataDelegate.swift */; };
		1EB978832A1F5E2B00C2D42B /* PublishRideHelper.swift in Sources */ = {isa = PBXBuildFile; fileRef = 1EB978822A1F5E2A00C2D42B /* PublishRideHelper.swift */; };
		1EB978862A1F5E3E00C2D42B /* PublishRideDelegate.swift in Sources */ = {isa = PBXBuildFile; fileRef = 1EB978842A1F5E3700C2D42B /* PublishRideDelegate.swift */; };
		1EB978872A1F5E3E00C2D42B /* District.swift in Sources */ = {isa = PBXBuildFile; fileRef = 1EB978852A1F5E3D00C2D42B /* District.swift */; };
		1EB978892A1F5E6200C2D42B /* ReviewOthersTableViewCell.swift in Sources */ = {isa = PBXBuildFile; fileRef = 1EB978882A1F5E6200C2D42B /* ReviewOthersTableViewCell.swift */; };
		1EB9788B2A1F5E8300C2D42B /* KuberDataSource.swift in Sources */ = {isa = PBXBuildFile; fileRef = 1EB9788A2A1F5E8300C2D42B /* KuberDataSource.swift */; };
		1EB9788D2A1F6DAF00C2D42B /* MyReviewsTableViewCell.swift in Sources */ = {isa = PBXBuildFile; fileRef = 1EB9788C2A1F6DAF00C2D42B /* MyReviewsTableViewCell.swift */; };
		1EB9788F2A1F6DD700C2D42B /* MyReviewsViewController.swift in Sources */ = {isa = PBXBuildFile; fileRef = 1EB9788E2A1F6DD700C2D42B /* MyReviewsViewController.swift */; };
		1EB978912A1F705200C2D42B /* Review.swift in Sources */ = {isa = PBXBuildFile; fileRef = 1EB978902A1F705200C2D42B /* Review.swift */; };
		1EBFE3032A1D2BFD001C2EA3 /* AppDelegate.swift in Sources */ = {isa = PBXBuildFile; fileRef = 1EBFE3022A1D2BFD001C2EA3 /* AppDelegate.swift */; };
		1EBFE3052A1D2BFD001C2EA3 /* SceneDelegate.swift in Sources */ = {isa = PBXBuildFile; fileRef = 1EBFE3042A1D2BFD001C2EA3 /* SceneDelegate.swift */; };
		1EBFE3072A1D2BFD001C2EA3 /* ViewController.swift in Sources */ = {isa = PBXBuildFile; fileRef = 1EBFE3062A1D2BFD001C2EA3 /* ViewController.swift */; };
		1EBFE30A2A1D2BFD001C2EA3 /* Main.storyboard in Resources */ = {isa = PBXBuildFile; fileRef = 1EBFE3082A1D2BFD001C2EA3 /* Main.storyboard */; };
		1EBFE30C2A1D2C01001C2EA3 /* Assets.xcassets in Resources */ = {isa = PBXBuildFile; fileRef = 1EBFE30B2A1D2C01001C2EA3 /* Assets.xcassets */; };
		1EBFE30F2A1D2C01001C2EA3 /* LaunchScreen.storyboard in Resources */ = {isa = PBXBuildFile; fileRef = 1EBFE30D2A1D2C01001C2EA3 /* LaunchScreen.storyboard */; };
		1EBFE31A2A1D2C02001C2EA3 /* KUTRAVELTests.swift in Sources */ = {isa = PBXBuildFile; fileRef = 1EBFE3192A1D2C02001C2EA3 /* KUTRAVELTests.swift */; };
		1EBFE3242A1D2C02001C2EA3 /* KUTRAVELUITests.swift in Sources */ = {isa = PBXBuildFile; fileRef = 1EBFE3232A1D2C02001C2EA3 /* KUTRAVELUITests.swift */; };
		1EBFE3262A1D2C02001C2EA3 /* KUTRAVELUITestsLaunchTests.swift in Sources */ = {isa = PBXBuildFile; fileRef = 1EBFE3252A1D2C02001C2EA3 /* KUTRAVELUITestsLaunchTests.swift */; };
		1EBFE3682A1D6544001C2EA3 /* LogInViewController.swift in Sources */ = {isa = PBXBuildFile; fileRef = 1EBFE3662A1D653B001C2EA3 /* LogInViewController.swift */; };
		1EBFE3692A1D6544001C2EA3 /* SecondSignUpViewController.swift in Sources */ = {isa = PBXBuildFile; fileRef = 1EBFE3672A1D6544001C2EA3 /* SecondSignUpViewController.swift */; };
		2D77EB888367D582D1E2FC97 /* Pods_KUTRAVELTests.framework in Frameworks */ = {isa = PBXBuildFile; fileRef = AE2D14EA34694C2E29AD5951 /* Pods_KUTRAVELTests.framework */; };
		5459231B2A1FAF8C00EEEBB6 /* SearchRideViewController.swift in Sources */ = {isa = PBXBuildFile; fileRef = 5459231A2A1FAF8B00EEEBB6 /* SearchRideViewController.swift */; };
		5459231D2A1FAFB500EEEBB6 /* RidesViewController.swift in Sources */ = {isa = PBXBuildFile; fileRef = 5459231C2A1FAFB500EEEBB6 /* RidesViewController.swift */; };
		5459231F2A1FB08300EEEBB6 /* RidesDataSource.swift in Sources */ = {isa = PBXBuildFile; fileRef = 5459231E2A1FB08300EEEBB6 /* RidesDataSource.swift */; };
		545923212A1FB0EF00EEEBB6 /* RidesAfterSearchHelper.swift in Sources */ = {isa = PBXBuildFile; fileRef = 545923202A1FB0EF00EEEBB6 /* RidesAfterSearchHelper.swift */; };
		545923232A1FB12900EEEBB6 /* RidesAfterSearchDelegate.swift in Sources */ = {isa = PBXBuildFile; fileRef = 545923222A1FB12900EEEBB6 /* RidesAfterSearchDelegate.swift */; };
		545923252A1FB27300EEEBB6 /* RideSearch.swift in Sources */ = {isa = PBXBuildFile; fileRef = 545923242A1FB27300EEEBB6 /* RideSearch.swift */; };
		545923272A1FB28600EEEBB6 /* RidesDataDelegate.swift in Sources */ = {isa = PBXBuildFile; fileRef = 545923262A1FB28600EEEBB6 /* RidesDataDelegate.swift */; };
		54D4FF342A1E9E3E00E237F9 /* HitchhikeStatusViewController.swift in Sources */ = {isa = PBXBuildFile; fileRef = 54D4FF332A1E9E3E00E237F9 /* HitchhikeStatusViewController.swift */; };
		54D4FF362A1E9E7D00E237F9 /* MyHitchesDataSource.swift in Sources */ = {isa = PBXBuildFile; fileRef = 54D4FF352A1E9E7D00E237F9 /* MyHitchesDataSource.swift */; };
		54D4FF382A1E9EE700E237F9 /* Hitch.swift in Sources */ = {isa = PBXBuildFile; fileRef = 54D4FF372A1E9EE700E237F9 /* Hitch.swift */; };
		54D4FF3A2A1E9EFE00E237F9 /* MyHitch.swift in Sources */ = {isa = PBXBuildFile; fileRef = 54D4FF392A1E9EFE00E237F9 /* MyHitch.swift */; };
		54D4FF3C2A1E9F2500E237F9 /* MyHitchesDataDelegate.swift in Sources */ = {isa = PBXBuildFile; fileRef = 54D4FF3B2A1E9F2500E237F9 /* MyHitchesDataDelegate.swift */; };
		E57864F4EECB7C28AC35B93F /* Pods_KUTRAVEL.framework in Frameworks */ = {isa = PBXBuildFile; fileRef = 85ABE085CD5F297FE694D7BF /* Pods_KUTRAVEL.framework */; };
/* End PBXBuildFile section */

/* Begin PBXContainerItemProxy section */
		1EBFE3162A1D2C02001C2EA3 /* PBXContainerItemProxy */ = {
			isa = PBXContainerItemProxy;
			containerPortal = 1EBFE2F72A1D2BFD001C2EA3 /* Project object */;
			proxyType = 1;
			remoteGlobalIDString = 1EBFE2FE2A1D2BFD001C2EA3;
			remoteInfo = KUTRAVEL;
		};
		1EBFE3202A1D2C02001C2EA3 /* PBXContainerItemProxy */ = {
			isa = PBXContainerItemProxy;
			containerPortal = 1EBFE2F72A1D2BFD001C2EA3 /* Project object */;
			proxyType = 1;
			remoteGlobalIDString = 1EBFE2FE2A1D2BFD001C2EA3;
			remoteInfo = KUTRAVEL;
		};
/* End PBXContainerItemProxy section */

/* Begin PBXFileReference section */
		00D6120DBF3195C5BE061122 /* Pods-KUTRAVEL.release.xcconfig */ = {isa = PBXFileReference; includeInIndex = 1; lastKnownFileType = text.xcconfig; name = "Pods-KUTRAVEL.release.xcconfig"; path = "Target Support Files/Pods-KUTRAVEL/Pods-KUTRAVEL.release.xcconfig"; sourceTree = "<group>"; };
		1E2E67B62A210699003F5FC4 /* StatisticViewController.swift */ = {isa = PBXFileReference; lastKnownFileType = sourcecode.swift; path = StatisticViewController.swift; sourceTree = "<group>"; };
		1E2E67B82A2107B7003F5FC4 /* StatsDataSource.swift */ = {isa = PBXFileReference; lastKnownFileType = sourcecode.swift; path = StatsDataSource.swift; sourceTree = "<group>"; };
		1E2E67BA2A2107C9003F5FC4 /* StatsDataDelegate.swift */ = {isa = PBXFileReference; lastKnownFileType = sourcecode.swift; path = StatsDataDelegate.swift; sourceTree = "<group>"; };
		1EB978162A1E618200C2D42B /* SignUpViewController.swift */ = {isa = PBXFileReference; fileEncoding = 4; lastKnownFileType = sourcecode.swift; path = SignUpViewController.swift; sourceTree = "<group>"; };
		1EB978172A1E618400C2D42B /* ProfileScreenViewController.swift */ = {isa = PBXFileReference; fileEncoding = 4; lastKnownFileType = sourcecode.swift; path = ProfileScreenViewController.swift; sourceTree = "<group>"; };
		1EB978182A1E618600C2D42B /* ResetPasswordViewController.swift */ = {isa = PBXFileReference; fileEncoding = 4; lastKnownFileType = sourcecode.swift; path = ResetPasswordViewController.swift; sourceTree = "<group>"; };
		1EB9781C2A1E61D300C2D42B /* HistoryOfHitchhikesTableViewCell.swift */ = {isa = PBXFileReference; fileEncoding = 4; lastKnownFileType = sourcecode.swift; path = HistoryOfHitchhikesTableViewCell.swift; sourceTree = "<group>"; };
		1EB9781D2A1E61D500C2D42B /* HistoryOfRidesTableViewCell.swift */ = {isa = PBXFileReference; fileEncoding = 4; lastKnownFileType = sourcecode.swift; path = HistoryOfRidesTableViewCell.swift; sourceTree = "<group>"; };
		1EB9781E2A1E61D900C2D42B /* HitchListTableViewCell.swift */ = {isa = PBXFileReference; fileEncoding = 4; lastKnownFileType = sourcecode.swift; path = HitchListTableViewCell.swift; sourceTree = "<group>"; };
		1EB9781F2A1E61DC00C2D42B /* RideListTableViewCell.swift */ = {isa = PBXFileReference; fileEncoding = 4; lastKnownFileType = sourcecode.swift; path = RideListTableViewCell.swift; sourceTree = "<group>"; };
		1EB978202A1E61DE00C2D42B /* RidesAfterSearchTableViewCell.swift */ = {isa = PBXFileReference; fileEncoding = 4; lastKnownFileType = sourcecode.swift; path = RidesAfterSearchTableViewCell.swift; sourceTree = "<group>"; };
		1EB978212A1E61E000C2D42B /* RideRequestTableViewCell.swift */ = {isa = PBXFileReference; fileEncoding = 4; lastKnownFileType = sourcecode.swift; path = RideRequestTableViewCell.swift; sourceTree = "<group>"; };
		1EB978282A1E61EE00C2D42B /* searchRideUIView.swift */ = {isa = PBXFileReference; fileEncoding = 4; lastKnownFileType = sourcecode.swift; path = searchRideUIView.swift; sourceTree = "<group>"; };
		1EB9782A2A1E620100C2D42B /* SignInHelper.swift */ = {isa = PBXFileReference; fileEncoding = 4; lastKnownFileType = sourcecode.swift; path = SignInHelper.swift; sourceTree = "<group>"; };
		1EB9782B2A1E620500C2D42B /* SignInDelegate.swift */ = {isa = PBXFileReference; fileEncoding = 4; lastKnownFileType = sourcecode.swift; path = SignInDelegate.swift; sourceTree = "<group>"; };
		1EB9782C2A1E620A00C2D42B /* ResetPasswordHelper.swift */ = {isa = PBXFileReference; fileEncoding = 4; lastKnownFileType = sourcecode.swift; path = ResetPasswordHelper.swift; sourceTree = "<group>"; };
		1EB9782D2A1E621000C2D42B /* SignUpDelegate.swift */ = {isa = PBXFileReference; fileEncoding = 4; lastKnownFileType = sourcecode.swift; path = SignUpDelegate.swift; sourceTree = "<group>"; };
		1EB9782E2A1E621400C2D42B /* ProfileHelper.swift */ = {isa = PBXFileReference; fileEncoding = 4; lastKnownFileType = sourcecode.swift; path = ProfileHelper.swift; sourceTree = "<group>"; };
		1EB9782F2A1E621700C2D42B /* DatabaseManager.swift */ = {isa = PBXFileReference; fileEncoding = 4; lastKnownFileType = sourcecode.swift; path = DatabaseManager.swift; sourceTree = "<group>"; };
		1EB978302A1E621A00C2D42B /* SignUpHelper.swift */ = {isa = PBXFileReference; fileEncoding = 4; lastKnownFileType = sourcecode.swift; path = SignUpHelper.swift; sourceTree = "<group>"; };
		1EB978312A1E621F00C2D42B /* ProfileDelegate.swift */ = {isa = PBXFileReference; fileEncoding = 4; lastKnownFileType = sourcecode.swift; path = ProfileDelegate.swift; sourceTree = "<group>"; };
		1EB978322A1E622700C2D42B /* SecondSignUpDelegate.swift */ = {isa = PBXFileReference; fileEncoding = 4; lastKnownFileType = sourcecode.swift; path = SecondSignUpDelegate.swift; sourceTree = "<group>"; };
		1EB978332A1E622C00C2D42B /* User.swift */ = {isa = PBXFileReference; fileEncoding = 4; lastKnownFileType = sourcecode.swift; path = User.swift; sourceTree = "<group>"; };
		1EB978342A1E623000C2D42B /* ResetPasswordDelegate.swift */ = {isa = PBXFileReference; fileEncoding = 4; lastKnownFileType = sourcecode.swift; path = ResetPasswordDelegate.swift; sourceTree = "<group>"; };
		1EB978352A1E623300C2D42B /* SecondSignUpHelper.swift */ = {isa = PBXFileReference; fileEncoding = 4; lastKnownFileType = sourcecode.swift; path = SecondSignUpHelper.swift; sourceTree = "<group>"; };
		1EB978422A1E7A8800C2D42B /* MyRidesViewController.swift */ = {isa = PBXFileReference; fileEncoding = 4; lastKnownFileType = sourcecode.swift; path = MyRidesViewController.swift; sourceTree = "<group>"; };
		1EB978442A1E7B0400C2D42B /* MyRidesDataSource.swift */ = {isa = PBXFileReference; fileEncoding = 4; lastKnownFileType = sourcecode.swift; path = MyRidesDataSource.swift; sourceTree = "<group>"; };
		1EB978452A1E7B1100C2D42B /* MyRidesDataDelegate.swift */ = {isa = PBXFileReference; fileEncoding = 4; lastKnownFileType = sourcecode.swift; path = MyRidesDataDelegate.swift; sourceTree = "<group>"; };
		1EB978482A1E7B9F00C2D42B /* Ride.swift */ = {isa = PBXFileReference; fileEncoding = 4; lastKnownFileType = sourcecode.swift; path = Ride.swift; sourceTree = "<group>"; };
		1EB9786E2A1F5D4400C2D42B /* ReviewOthersViewController.swift */ = {isa = PBXFileReference; fileEncoding = 4; lastKnownFileType = sourcecode.swift; path = ReviewOthersViewController.swift; sourceTree = "<group>"; };
		1EB978702A1F5D5500C2D42B /* RideRequestsViewController.swift */ = {isa = PBXFileReference; fileEncoding = 4; lastKnownFileType = sourcecode.swift; path = RideRequestsViewController.swift; sourceTree = "<group>"; };
		1EB978722A1F5D8400C2D42B /* PublishRideViewController.swift */ = {isa = PBXFileReference; fileEncoding = 4; lastKnownFileType = sourcecode.swift; path = PublishRideViewController.swift; sourceTree = "<group>"; };
		1EB978742A1F5DB100C2D42B /* ReviewOthersDataSource.swift */ = {isa = PBXFileReference; fileEncoding = 4; lastKnownFileType = sourcecode.swift; path = ReviewOthersDataSource.swift; sourceTree = "<group>"; };
		1EB978752A1F5DB600C2D42B /* ReviewOthersHelper.swift */ = {isa = PBXFileReference; fileEncoding = 4; lastKnownFileType = sourcecode.swift; path = ReviewOthersHelper.swift; sourceTree = "<group>"; };
		1EB978782A1F5DD500C2D42B /* ReviewOthersDelegate.swift */ = {isa = PBXFileReference; fileEncoding = 4; lastKnownFileType = sourcecode.swift; path = ReviewOthersDelegate.swift; sourceTree = "<group>"; };
		1EB9787A2A1F5DE700C2D42B /* RideRequestHelper.swift */ = {isa = PBXFileReference; fileEncoding = 4; lastKnownFileType = sourcecode.swift; path = RideRequestHelper.swift; sourceTree = "<group>"; };
		1EB9787B2A1F5DED00C2D42B /* RideRequestDataSource.swift */ = {isa = PBXFileReference; fileEncoding = 4; lastKnownFileType = sourcecode.swift; path = RideRequestDataSource.swift; sourceTree = "<group>"; };
		1EB9787E2A1F5DF600C2D42B /* RideRequest.swift */ = {isa = PBXFileReference; fileEncoding = 4; lastKnownFileType = sourcecode.swift; path = RideRequest.swift; sourceTree = "<group>"; };
		1EB978802A1F5E1300C2D42B /* RideRequestDataDelegate.swift */ = {isa = PBXFileReference; fileEncoding = 4; lastKnownFileType = sourcecode.swift; path = RideRequestDataDelegate.swift; sourceTree = "<group>"; };
		1EB978822A1F5E2A00C2D42B /* PublishRideHelper.swift */ = {isa = PBXFileReference; fileEncoding = 4; lastKnownFileType = sourcecode.swift; path = PublishRideHelper.swift; sourceTree = "<group>"; };
		1EB978842A1F5E3700C2D42B /* PublishRideDelegate.swift */ = {isa = PBXFileReference; fileEncoding = 4; lastKnownFileType = sourcecode.swift; path = PublishRideDelegate.swift; sourceTree = "<group>"; };
		1EB978852A1F5E3D00C2D42B /* District.swift */ = {isa = PBXFileReference; fileEncoding = 4; lastKnownFileType = sourcecode.swift; path = District.swift; sourceTree = "<group>"; };
		1EB978882A1F5E6200C2D42B /* ReviewOthersTableViewCell.swift */ = {isa = PBXFileReference; fileEncoding = 4; lastKnownFileType = sourcecode.swift; path = ReviewOthersTableViewCell.swift; sourceTree = "<group>"; };
		1EB9788A2A1F5E8300C2D42B /* KuberDataSource.swift */ = {isa = PBXFileReference; fileEncoding = 4; lastKnownFileType = sourcecode.swift; path = KuberDataSource.swift; sourceTree = "<group>"; };
		1EB9788C2A1F6DAF00C2D42B /* MyReviewsTableViewCell.swift */ = {isa = PBXFileReference; lastKnownFileType = sourcecode.swift; path = MyReviewsTableViewCell.swift; sourceTree = "<group>"; };
		1EB9788E2A1F6DD700C2D42B /* MyReviewsViewController.swift */ = {isa = PBXFileReference; lastKnownFileType = sourcecode.swift; path = MyReviewsViewController.swift; sourceTree = "<group>"; };
		1EB978902A1F705200C2D42B /* Review.swift */ = {isa = PBXFileReference; lastKnownFileType = sourcecode.swift; path = Review.swift; sourceTree = "<group>"; };
		1EBFE2FF2A1D2BFD001C2EA3 /* KUTRAVEL.app */ = {isa = PBXFileReference; explicitFileType = wrapper.application; includeInIndex = 0; path = KUTRAVEL.app; sourceTree = BUILT_PRODUCTS_DIR; };
		1EBFE3022A1D2BFD001C2EA3 /* AppDelegate.swift */ = {isa = PBXFileReference; lastKnownFileType = sourcecode.swift; path = AppDelegate.swift; sourceTree = "<group>"; };
		1EBFE3042A1D2BFD001C2EA3 /* SceneDelegate.swift */ = {isa = PBXFileReference; lastKnownFileType = sourcecode.swift; path = SceneDelegate.swift; sourceTree = "<group>"; };
		1EBFE3062A1D2BFD001C2EA3 /* ViewController.swift */ = {isa = PBXFileReference; lastKnownFileType = sourcecode.swift; path = ViewController.swift; sourceTree = "<group>"; };
		1EBFE3092A1D2BFD001C2EA3 /* Base */ = {isa = PBXFileReference; lastKnownFileType = file.storyboard; name = Base; path = Base.lproj/Main.storyboard; sourceTree = "<group>"; };
		1EBFE30B2A1D2C01001C2EA3 /* Assets.xcassets */ = {isa = PBXFileReference; lastKnownFileType = folder.assetcatalog; path = Assets.xcassets; sourceTree = "<group>"; };
		1EBFE30E2A1D2C01001C2EA3 /* Base */ = {isa = PBXFileReference; lastKnownFileType = file.storyboard; name = Base; path = Base.lproj/LaunchScreen.storyboard; sourceTree = "<group>"; };
		1EBFE3102A1D2C01001C2EA3 /* Info.plist */ = {isa = PBXFileReference; lastKnownFileType = text.plist.xml; path = Info.plist; sourceTree = "<group>"; };
		1EBFE3152A1D2C02001C2EA3 /* KUTRAVELTests.xctest */ = {isa = PBXFileReference; explicitFileType = wrapper.cfbundle; includeInIndex = 0; path = KUTRAVELTests.xctest; sourceTree = BUILT_PRODUCTS_DIR; };
		1EBFE3192A1D2C02001C2EA3 /* KUTRAVELTests.swift */ = {isa = PBXFileReference; lastKnownFileType = sourcecode.swift; path = KUTRAVELTests.swift; sourceTree = "<group>"; };
		1EBFE31F2A1D2C02001C2EA3 /* KUTRAVELUITests.xctest */ = {isa = PBXFileReference; explicitFileType = wrapper.cfbundle; includeInIndex = 0; path = KUTRAVELUITests.xctest; sourceTree = BUILT_PRODUCTS_DIR; };
		1EBFE3232A1D2C02001C2EA3 /* KUTRAVELUITests.swift */ = {isa = PBXFileReference; lastKnownFileType = sourcecode.swift; path = KUTRAVELUITests.swift; sourceTree = "<group>"; };
		1EBFE3252A1D2C02001C2EA3 /* KUTRAVELUITestsLaunchTests.swift */ = {isa = PBXFileReference; lastKnownFileType = sourcecode.swift; path = KUTRAVELUITestsLaunchTests.swift; sourceTree = "<group>"; };
		1EBFE3662A1D653B001C2EA3 /* LogInViewController.swift */ = {isa = PBXFileReference; lastKnownFileType = sourcecode.swift; path = LogInViewController.swift; sourceTree = "<group>"; };
		1EBFE3672A1D6544001C2EA3 /* SecondSignUpViewController.swift */ = {isa = PBXFileReference; lastKnownFileType = sourcecode.swift; path = SecondSignUpViewController.swift; sourceTree = "<group>"; };
		427F383B4BC741CBB4091277 /* Pods-KUTRAVEL-KUTRAVELUITests.debug.xcconfig */ = {isa = PBXFileReference; includeInIndex = 1; lastKnownFileType = text.xcconfig; name = "Pods-KUTRAVEL-KUTRAVELUITests.debug.xcconfig"; path = "Target Support Files/Pods-KUTRAVEL-KUTRAVELUITests/Pods-KUTRAVEL-KUTRAVELUITests.debug.xcconfig"; sourceTree = "<group>"; };
		5459231A2A1FAF8B00EEEBB6 /* SearchRideViewController.swift */ = {isa = PBXFileReference; fileEncoding = 4; lastKnownFileType = sourcecode.swift; path = SearchRideViewController.swift; sourceTree = "<group>"; };
		5459231C2A1FAFB500EEEBB6 /* RidesViewController.swift */ = {isa = PBXFileReference; fileEncoding = 4; lastKnownFileType = sourcecode.swift; path = RidesViewController.swift; sourceTree = "<group>"; };
		5459231E2A1FB08300EEEBB6 /* RidesDataSource.swift */ = {isa = PBXFileReference; fileEncoding = 4; lastKnownFileType = sourcecode.swift; path = RidesDataSource.swift; sourceTree = "<group>"; };
		545923202A1FB0EF00EEEBB6 /* RidesAfterSearchHelper.swift */ = {isa = PBXFileReference; fileEncoding = 4; lastKnownFileType = sourcecode.swift; path = RidesAfterSearchHelper.swift; sourceTree = "<group>"; };
		545923222A1FB12900EEEBB6 /* RidesAfterSearchDelegate.swift */ = {isa = PBXFileReference; fileEncoding = 4; lastKnownFileType = sourcecode.swift; path = RidesAfterSearchDelegate.swift; sourceTree = "<group>"; };
		545923242A1FB27300EEEBB6 /* RideSearch.swift */ = {isa = PBXFileReference; fileEncoding = 4; lastKnownFileType = sourcecode.swift; path = RideSearch.swift; sourceTree = "<group>"; };
		545923262A1FB28600EEEBB6 /* RidesDataDelegate.swift */ = {isa = PBXFileReference; fileEncoding = 4; lastKnownFileType = sourcecode.swift; path = RidesDataDelegate.swift; sourceTree = "<group>"; };
		54D4FF332A1E9E3E00E237F9 /* HitchhikeStatusViewController.swift */ = {isa = PBXFileReference; fileEncoding = 4; lastKnownFileType = sourcecode.swift; path = HitchhikeStatusViewController.swift; sourceTree = "<group>"; };
		54D4FF352A1E9E7D00E237F9 /* MyHitchesDataSource.swift */ = {isa = PBXFileReference; fileEncoding = 4; lastKnownFileType = sourcecode.swift; path = MyHitchesDataSource.swift; sourceTree = "<group>"; };
		54D4FF372A1E9EE700E237F9 /* Hitch.swift */ = {isa = PBXFileReference; fileEncoding = 4; lastKnownFileType = sourcecode.swift; path = Hitch.swift; sourceTree = "<group>"; };
		54D4FF392A1E9EFE00E237F9 /* MyHitch.swift */ = {isa = PBXFileReference; fileEncoding = 4; lastKnownFileType = sourcecode.swift; path = MyHitch.swift; sourceTree = "<group>"; };
		54D4FF3B2A1E9F2500E237F9 /* MyHitchesDataDelegate.swift */ = {isa = PBXFileReference; fileEncoding = 4; lastKnownFileType = sourcecode.swift; path = MyHitchesDataDelegate.swift; sourceTree = "<group>"; };
		85ABE085CD5F297FE694D7BF /* Pods_KUTRAVEL.framework */ = {isa = PBXFileReference; explicitFileType = wrapper.framework; includeInIndex = 0; path = Pods_KUTRAVEL.framework; sourceTree = BUILT_PRODUCTS_DIR; };
		95FD1583BDA793C3584400D6 /* Pods_KUTRAVEL_KUTRAVELUITests.framework */ = {isa = PBXFileReference; explicitFileType = wrapper.framework; includeInIndex = 0; path = Pods_KUTRAVEL_KUTRAVELUITests.framework; sourceTree = BUILT_PRODUCTS_DIR; };
		A2CDE92F9F4C4E7E1A466D72 /* Pods-KUTRAVEL.debug.xcconfig */ = {isa = PBXFileReference; includeInIndex = 1; lastKnownFileType = text.xcconfig; name = "Pods-KUTRAVEL.debug.xcconfig"; path = "Target Support Files/Pods-KUTRAVEL/Pods-KUTRAVEL.debug.xcconfig"; sourceTree = "<group>"; };
		AE2D14EA34694C2E29AD5951 /* Pods_KUTRAVELTests.framework */ = {isa = PBXFileReference; explicitFileType = wrapper.framework; includeInIndex = 0; path = Pods_KUTRAVELTests.framework; sourceTree = BUILT_PRODUCTS_DIR; };
		AE4BA02B53DC4A9C565B5387 /* Pods-KUTRAVEL-KUTRAVELUITests.release.xcconfig */ = {isa = PBXFileReference; includeInIndex = 1; lastKnownFileType = text.xcconfig; name = "Pods-KUTRAVEL-KUTRAVELUITests.release.xcconfig"; path = "Target Support Files/Pods-KUTRAVEL-KUTRAVELUITests/Pods-KUTRAVEL-KUTRAVELUITests.release.xcconfig"; sourceTree = "<group>"; };
		C6B3E1C1CDC390B13F201F22 /* Pods-KUTRAVELTests.release.xcconfig */ = {isa = PBXFileReference; includeInIndex = 1; lastKnownFileType = text.xcconfig; name = "Pods-KUTRAVELTests.release.xcconfig"; path = "Target Support Files/Pods-KUTRAVELTests/Pods-KUTRAVELTests.release.xcconfig"; sourceTree = "<group>"; };
		FFF690693FB97462776DA149 /* Pods-KUTRAVELTests.debug.xcconfig */ = {isa = PBXFileReference; includeInIndex = 1; lastKnownFileType = text.xcconfig; name = "Pods-KUTRAVELTests.debug.xcconfig"; path = "Target Support Files/Pods-KUTRAVELTests/Pods-KUTRAVELTests.debug.xcconfig"; sourceTree = "<group>"; };
/* End PBXFileReference section */

/* Begin PBXFrameworksBuildPhase section */
		1EBFE2FC2A1D2BFD001C2EA3 /* Frameworks */ = {
			isa = PBXFrameworksBuildPhase;
			buildActionMask = 2147483647;
			files = (
				E57864F4EECB7C28AC35B93F /* Pods_KUTRAVEL.framework in Frameworks */,
			);
			runOnlyForDeploymentPostprocessing = 0;
		};
		1EBFE3122A1D2C02001C2EA3 /* Frameworks */ = {
			isa = PBXFrameworksBuildPhase;
			buildActionMask = 2147483647;
			files = (
				2D77EB888367D582D1E2FC97 /* Pods_KUTRAVELTests.framework in Frameworks */,
			);
			runOnlyForDeploymentPostprocessing = 0;
		};
		1EBFE31C2A1D2C02001C2EA3 /* Frameworks */ = {
			isa = PBXFrameworksBuildPhase;
			buildActionMask = 2147483647;
			files = (
				0CB28A4938E270A5BD2F9572 /* Pods_KUTRAVEL_KUTRAVELUITests.framework in Frameworks */,
			);
			runOnlyForDeploymentPostprocessing = 0;
		};
/* End PBXFrameworksBuildPhase section */

/* Begin PBXGroup section */
		17336FD8CE2D1B5847CF025D /* Frameworks */ = {
			isa = PBXGroup;
			children = (
				85ABE085CD5F297FE694D7BF /* Pods_KUTRAVEL.framework */,
				95FD1583BDA793C3584400D6 /* Pods_KUTRAVEL_KUTRAVELUITests.framework */,
				AE2D14EA34694C2E29AD5951 /* Pods_KUTRAVELTests.framework */,
			);
			name = Frameworks;
			sourceTree = "<group>";
		};
		1EBFE2F62A1D2BFD001C2EA3 = {
			isa = PBXGroup;
			children = (
				1EBFE3012A1D2BFD001C2EA3 /* KUTRAVEL */,
				1EBFE3182A1D2C02001C2EA3 /* KUTRAVELTests */,
				1EBFE3222A1D2C02001C2EA3 /* KUTRAVELUITests */,
				1EBFE3002A1D2BFD001C2EA3 /* Products */,
				76228307F2B8659DCF544B3A /* Pods */,
				17336FD8CE2D1B5847CF025D /* Frameworks */,
			);
			sourceTree = "<group>";
		};
		1EBFE3002A1D2BFD001C2EA3 /* Products */ = {
			isa = PBXGroup;
			children = (
				1EBFE2FF2A1D2BFD001C2EA3 /* KUTRAVEL.app */,
				1EBFE3152A1D2C02001C2EA3 /* KUTRAVELTests.xctest */,
				1EBFE31F2A1D2C02001C2EA3 /* KUTRAVELUITests.xctest */,
			);
			name = Products;
			sourceTree = "<group>";
		};
		1EBFE3012A1D2BFD001C2EA3 /* KUTRAVEL */ = {
			isa = PBXGroup;
			children = (
				1EBFE3472A1D2F5B001C2EA3 /* Controller */,
				1EBFE3382A1D2EC3001C2EA3 /* TableCell */,
				1EBFE3372A1D2EA3001C2EA3 /* UIView */,
				1EBFE3362A1D2E7E001C2EA3 /* Model */,
				1EBFE3022A1D2BFD001C2EA3 /* AppDelegate.swift */,
				1EBFE3042A1D2BFD001C2EA3 /* SceneDelegate.swift */,
				1EBFE3062A1D2BFD001C2EA3 /* ViewController.swift */,
				1EBFE3082A1D2BFD001C2EA3 /* Main.storyboard */,
				1EBFE30B2A1D2C01001C2EA3 /* Assets.xcassets */,
				1EBFE30D2A1D2C01001C2EA3 /* LaunchScreen.storyboard */,
				1EBFE3102A1D2C01001C2EA3 /* Info.plist */,
			);
			path = KUTRAVEL;
			sourceTree = "<group>";
		};
		1EBFE3182A1D2C02001C2EA3 /* KUTRAVELTests */ = {
			isa = PBXGroup;
			children = (
				1EBFE3192A1D2C02001C2EA3 /* KUTRAVELTests.swift */,
			);
			path = KUTRAVELTests;
			sourceTree = "<group>";
		};
		1EBFE3222A1D2C02001C2EA3 /* KUTRAVELUITests */ = {
			isa = PBXGroup;
			children = (
				1EBFE3232A1D2C02001C2EA3 /* KUTRAVELUITests.swift */,
				1EBFE3252A1D2C02001C2EA3 /* KUTRAVELUITestsLaunchTests.swift */,
			);
			path = KUTRAVELUITests;
			sourceTree = "<group>";
		};
		1EBFE3362A1D2E7E001C2EA3 /* Model */ = {
			isa = PBXGroup;
			children = (
				545923262A1FB28600EEEBB6 /* RidesDataDelegate.swift */,
				545923222A1FB12900EEEBB6 /* RidesAfterSearchDelegate.swift */,
				545923202A1FB0EF00EEEBB6 /* RidesAfterSearchHelper.swift */,
				545923242A1FB27300EEEBB6 /* RideSearch.swift */,
				1EB9788A2A1F5E8300C2D42B /* KuberDataSource.swift */,
				5459231E2A1FB08300EEEBB6 /* RidesDataSource.swift */,
				1EB978852A1F5E3D00C2D42B /* District.swift */,
				1EB978842A1F5E3700C2D42B /* PublishRideDelegate.swift */,
				1EB978822A1F5E2A00C2D42B /* PublishRideHelper.swift */,
				1EB978802A1F5E1300C2D42B /* RideRequestDataDelegate.swift */,
				1EB9787E2A1F5DF600C2D42B /* RideRequest.swift */,
				1EB9787B2A1F5DED00C2D42B /* RideRequestDataSource.swift */,
				1EB9787A2A1F5DE700C2D42B /* RideRequestHelper.swift */,
				1EB978782A1F5DD500C2D42B /* ReviewOthersDelegate.swift */,
				1EB978742A1F5DB100C2D42B /* ReviewOthersDataSource.swift */,
				1EB978752A1F5DB600C2D42B /* ReviewOthersHelper.swift */,
				54D4FF372A1E9EE700E237F9 /* Hitch.swift */,
				54D4FF352A1E9E7D00E237F9 /* MyHitchesDataSource.swift */,
				54D4FF392A1E9EFE00E237F9 /* MyHitch.swift */,
				54D4FF3B2A1E9F2500E237F9 /* MyHitchesDataDelegate.swift */,
				1EB978482A1E7B9F00C2D42B /* Ride.swift */,
				1EB978452A1E7B1100C2D42B /* MyRidesDataDelegate.swift */,
				1EB978442A1E7B0400C2D42B /* MyRidesDataSource.swift */,
				1EB9782F2A1E621700C2D42B /* DatabaseManager.swift */,
				1EB978312A1E621F00C2D42B /* ProfileDelegate.swift */,
				1EB9782E2A1E621400C2D42B /* ProfileHelper.swift */,
				1EB978342A1E623000C2D42B /* ResetPasswordDelegate.swift */,
				1EB9782C2A1E620A00C2D42B /* ResetPasswordHelper.swift */,
				1EB978322A1E622700C2D42B /* SecondSignUpDelegate.swift */,
				1EB978352A1E623300C2D42B /* SecondSignUpHelper.swift */,
				1EB9782B2A1E620500C2D42B /* SignInDelegate.swift */,
				1EB9782A2A1E620100C2D42B /* SignInHelper.swift */,
				1EB9782D2A1E621000C2D42B /* SignUpDelegate.swift */,
				1EB978302A1E621A00C2D42B /* SignUpHelper.swift */,
				1EB978332A1E622C00C2D42B /* User.swift */,
				1EB978902A1F705200C2D42B /* Review.swift */,
				1E2E67B82A2107B7003F5FC4 /* StatsDataSource.swift */,
				1E2E67BA2A2107C9003F5FC4 /* StatsDataDelegate.swift */,
			);
			path = Model;
			sourceTree = "<group>";
		};
		1EBFE3372A1D2EA3001C2EA3 /* UIView */ = {
			isa = PBXGroup;
			children = (
				1EB978282A1E61EE00C2D42B /* searchRideUIView.swift */,
			);
			path = UIView;
			sourceTree = "<group>";
		};
		1EBFE3382A1D2EC3001C2EA3 /* TableCell */ = {
			isa = PBXGroup;
			children = (
				1EB978882A1F5E6200C2D42B /* ReviewOthersTableViewCell.swift */,
				1EB9781C2A1E61D300C2D42B /* HistoryOfHitchhikesTableViewCell.swift */,
				1EB9781D2A1E61D500C2D42B /* HistoryOfRidesTableViewCell.swift */,
				1EB9781E2A1E61D900C2D42B /* HitchListTableViewCell.swift */,
				1EB9781F2A1E61DC00C2D42B /* RideListTableViewCell.swift */,
				1EB978212A1E61E000C2D42B /* RideRequestTableViewCell.swift */,
				1EB978202A1E61DE00C2D42B /* RidesAfterSearchTableViewCell.swift */,
				1EB9788C2A1F6DAF00C2D42B /* MyReviewsTableViewCell.swift */,
			);
			path = TableCell;
			sourceTree = "<group>";
		};
		1EBFE3472A1D2F5B001C2EA3 /* Controller */ = {
			isa = PBXGroup;
			children = (
				5459231A2A1FAF8B00EEEBB6 /* SearchRideViewController.swift */,
				5459231C2A1FAFB500EEEBB6 /* RidesViewController.swift */,
				1EB978722A1F5D8400C2D42B /* PublishRideViewController.swift */,
				1EB978702A1F5D5500C2D42B /* RideRequestsViewController.swift */,
				1EB9786E2A1F5D4400C2D42B /* ReviewOthersViewController.swift */,
				54D4FF332A1E9E3E00E237F9 /* HitchhikeStatusViewController.swift */,
				1EB978422A1E7A8800C2D42B /* MyRidesViewController.swift */,
				1EBFE3662A1D653B001C2EA3 /* LogInViewController.swift */,
				1EB978172A1E618400C2D42B /* ProfileScreenViewController.swift */,
				1EB978182A1E618600C2D42B /* ResetPasswordViewController.swift */,
				1EB978162A1E618200C2D42B /* SignUpViewController.swift */,
				1EBFE3672A1D6544001C2EA3 /* SecondSignUpViewController.swift */,
				1EB9788E2A1F6DD700C2D42B /* MyReviewsViewController.swift */,
				1E2E67B62A210699003F5FC4 /* StatisticViewController.swift */,
			);
			path = Controller;
			sourceTree = "<group>";
		};
		76228307F2B8659DCF544B3A /* Pods */ = {
			isa = PBXGroup;
			children = (
				A2CDE92F9F4C4E7E1A466D72 /* Pods-KUTRAVEL.debug.xcconfig */,
				00D6120DBF3195C5BE061122 /* Pods-KUTRAVEL.release.xcconfig */,
				427F383B4BC741CBB4091277 /* Pods-KUTRAVEL-KUTRAVELUITests.debug.xcconfig */,
				AE4BA02B53DC4A9C565B5387 /* Pods-KUTRAVEL-KUTRAVELUITests.release.xcconfig */,
				FFF690693FB97462776DA149 /* Pods-KUTRAVELTests.debug.xcconfig */,
				C6B3E1C1CDC390B13F201F22 /* Pods-KUTRAVELTests.release.xcconfig */,
			);
			path = Pods;
			sourceTree = "<group>";
		};
/* End PBXGroup section */

/* Begin PBXNativeTarget section */
		1EBFE2FE2A1D2BFD001C2EA3 /* KUTRAVEL */ = {
			isa = PBXNativeTarget;
			buildConfigurationList = 1EBFE3292A1D2C02001C2EA3 /* Build configuration list for PBXNativeTarget "KUTRAVEL" */;
			buildPhases = (
				8E8044AD90BE14AA90C4E4E9 /* [CP] Check Pods Manifest.lock */,
				1EBFE2FB2A1D2BFD001C2EA3 /* Sources */,
				1EBFE2FC2A1D2BFD001C2EA3 /* Frameworks */,
				1EBFE2FD2A1D2BFD001C2EA3 /* Resources */,
				9A76C1E5BC7C174A7521FF28 /* [CP] Embed Pods Frameworks */,
			);
			buildRules = (
			);
			dependencies = (
			);
			name = KUTRAVEL;
			productName = KUTRAVEL;
			productReference = 1EBFE2FF2A1D2BFD001C2EA3 /* KUTRAVEL.app */;
			productType = "com.apple.product-type.application";
		};
		1EBFE3142A1D2C02001C2EA3 /* KUTRAVELTests */ = {
			isa = PBXNativeTarget;
			buildConfigurationList = 1EBFE32C2A1D2C02001C2EA3 /* Build configuration list for PBXNativeTarget "KUTRAVELTests" */;
			buildPhases = (
				FAC40180156E983A31C27FCB /* [CP] Check Pods Manifest.lock */,
				1EBFE3112A1D2C02001C2EA3 /* Sources */,
				1EBFE3122A1D2C02001C2EA3 /* Frameworks */,
				1EBFE3132A1D2C02001C2EA3 /* Resources */,
			);
			buildRules = (
			);
			dependencies = (
				1EBFE3172A1D2C02001C2EA3 /* PBXTargetDependency */,
			);
			name = KUTRAVELTests;
			productName = KUTRAVELTests;
			productReference = 1EBFE3152A1D2C02001C2EA3 /* KUTRAVELTests.xctest */;
			productType = "com.apple.product-type.bundle.unit-test";
		};
		1EBFE31E2A1D2C02001C2EA3 /* KUTRAVELUITests */ = {
			isa = PBXNativeTarget;
			buildConfigurationList = 1EBFE32F2A1D2C02001C2EA3 /* Build configuration list for PBXNativeTarget "KUTRAVELUITests" */;
			buildPhases = (
				339105D791F789798612A0AA /* [CP] Check Pods Manifest.lock */,
				1EBFE31B2A1D2C02001C2EA3 /* Sources */,
				1EBFE31C2A1D2C02001C2EA3 /* Frameworks */,
				1EBFE31D2A1D2C02001C2EA3 /* Resources */,
				B5B8277C1CDB42714365E76E /* [CP] Embed Pods Frameworks */,
			);
			buildRules = (
			);
			dependencies = (
				1EBFE3212A1D2C02001C2EA3 /* PBXTargetDependency */,
			);
			name = KUTRAVELUITests;
			productName = KUTRAVELUITests;
			productReference = 1EBFE31F2A1D2C02001C2EA3 /* KUTRAVELUITests.xctest */;
			productType = "com.apple.product-type.bundle.ui-testing";
		};
/* End PBXNativeTarget section */

/* Begin PBXProject section */
		1EBFE2F72A1D2BFD001C2EA3 /* Project object */ = {
			isa = PBXProject;
			attributes = {
				BuildIndependentTargetsInParallel = 1;
				LastSwiftUpdateCheck = 1420;
				LastUpgradeCheck = 1420;
				TargetAttributes = {
					1EBFE2FE2A1D2BFD001C2EA3 = {
						CreatedOnToolsVersion = 14.2;
					};
					1EBFE3142A1D2C02001C2EA3 = {
						CreatedOnToolsVersion = 14.2;
						TestTargetID = 1EBFE2FE2A1D2BFD001C2EA3;
					};
					1EBFE31E2A1D2C02001C2EA3 = {
						CreatedOnToolsVersion = 14.2;
						TestTargetID = 1EBFE2FE2A1D2BFD001C2EA3;
					};
				};
			};
			buildConfigurationList = 1EBFE2FA2A1D2BFD001C2EA3 /* Build configuration list for PBXProject "KUTRAVEL" */;
			compatibilityVersion = "Xcode 14.0";
			developmentRegion = en;
			hasScannedForEncodings = 0;
			knownRegions = (
				en,
				Base,
			);
			mainGroup = 1EBFE2F62A1D2BFD001C2EA3;
			productRefGroup = 1EBFE3002A1D2BFD001C2EA3 /* Products */;
			projectDirPath = "";
			projectRoot = "";
			targets = (
				1EBFE2FE2A1D2BFD001C2EA3 /* KUTRAVEL */,
				1EBFE3142A1D2C02001C2EA3 /* KUTRAVELTests */,
				1EBFE31E2A1D2C02001C2EA3 /* KUTRAVELUITests */,
			);
		};
/* End PBXProject section */

/* Begin PBXResourcesBuildPhase section */
		1EBFE2FD2A1D2BFD001C2EA3 /* Resources */ = {
			isa = PBXResourcesBuildPhase;
			buildActionMask = 2147483647;
			files = (
				1EBFE30F2A1D2C01001C2EA3 /* LaunchScreen.storyboard in Resources */,
				1EBFE30C2A1D2C01001C2EA3 /* Assets.xcassets in Resources */,
				1EBFE30A2A1D2BFD001C2EA3 /* Main.storyboard in Resources */,
			);
			runOnlyForDeploymentPostprocessing = 0;
		};
		1EBFE3132A1D2C02001C2EA3 /* Resources */ = {
			isa = PBXResourcesBuildPhase;
			buildActionMask = 2147483647;
			files = (
			);
			runOnlyForDeploymentPostprocessing = 0;
		};
		1EBFE31D2A1D2C02001C2EA3 /* Resources */ = {
			isa = PBXResourcesBuildPhase;
			buildActionMask = 2147483647;
			files = (
			);
			runOnlyForDeploymentPostprocessing = 0;
		};
/* End PBXResourcesBuildPhase section */

/* Begin PBXShellScriptBuildPhase section */
		339105D791F789798612A0AA /* [CP] Check Pods Manifest.lock */ = {
			isa = PBXShellScriptBuildPhase;
			buildActionMask = 2147483647;
			files = (
			);
			inputFileListPaths = (
			);
			inputPaths = (
				"${PODS_PODFILE_DIR_PATH}/Podfile.lock",
				"${PODS_ROOT}/Manifest.lock",
			);
			name = "[CP] Check Pods Manifest.lock";
			outputFileListPaths = (
			);
			outputPaths = (
				"$(DERIVED_FILE_DIR)/Pods-KUTRAVEL-KUTRAVELUITests-checkManifestLockResult.txt",
			);
			runOnlyForDeploymentPostprocessing = 0;
			shellPath = /bin/sh;
			shellScript = "diff \"${PODS_PODFILE_DIR_PATH}/Podfile.lock\" \"${PODS_ROOT}/Manifest.lock\" > /dev/null\nif [ $? != 0 ] ; then\n    # print error to STDERR\n    echo \"error: The sandbox is not in sync with the Podfile.lock. Run 'pod install' or update your CocoaPods installation.\" >&2\n    exit 1\nfi\n# This output is used by Xcode 'outputs' to avoid re-running this script phase.\necho \"SUCCESS\" > \"${SCRIPT_OUTPUT_FILE_0}\"\n";
			showEnvVarsInLog = 0;
		};
		8E8044AD90BE14AA90C4E4E9 /* [CP] Check Pods Manifest.lock */ = {
			isa = PBXShellScriptBuildPhase;
			buildActionMask = 2147483647;
			files = (
			);
			inputFileListPaths = (
			);
			inputPaths = (
				"${PODS_PODFILE_DIR_PATH}/Podfile.lock",
				"${PODS_ROOT}/Manifest.lock",
			);
			name = "[CP] Check Pods Manifest.lock";
			outputFileListPaths = (
			);
			outputPaths = (
				"$(DERIVED_FILE_DIR)/Pods-KUTRAVEL-checkManifestLockResult.txt",
			);
			runOnlyForDeploymentPostprocessing = 0;
			shellPath = /bin/sh;
			shellScript = "diff \"${PODS_PODFILE_DIR_PATH}/Podfile.lock\" \"${PODS_ROOT}/Manifest.lock\" > /dev/null\nif [ $? != 0 ] ; then\n    # print error to STDERR\n    echo \"error: The sandbox is not in sync with the Podfile.lock. Run 'pod install' or update your CocoaPods installation.\" >&2\n    exit 1\nfi\n# This output is used by Xcode 'outputs' to avoid re-running this script phase.\necho \"SUCCESS\" > \"${SCRIPT_OUTPUT_FILE_0}\"\n";
			showEnvVarsInLog = 0;
		};
		9A76C1E5BC7C174A7521FF28 /* [CP] Embed Pods Frameworks */ = {
			isa = PBXShellScriptBuildPhase;
			buildActionMask = 2147483647;
			files = (
			);
			inputFileListPaths = (
				"${PODS_ROOT}/Target Support Files/Pods-KUTRAVEL/Pods-KUTRAVEL-frameworks-${CONFIGURATION}-input-files.xcfilelist",
			);
			name = "[CP] Embed Pods Frameworks";
			outputFileListPaths = (
				"${PODS_ROOT}/Target Support Files/Pods-KUTRAVEL/Pods-KUTRAVEL-frameworks-${CONFIGURATION}-output-files.xcfilelist",
			);
			runOnlyForDeploymentPostprocessing = 0;
			shellPath = /bin/sh;
			shellScript = "\"${PODS_ROOT}/Target Support Files/Pods-KUTRAVEL/Pods-KUTRAVEL-frameworks.sh\"\n";
			showEnvVarsInLog = 0;
		};
		B5B8277C1CDB42714365E76E /* [CP] Embed Pods Frameworks */ = {
			isa = PBXShellScriptBuildPhase;
			buildActionMask = 2147483647;
			files = (
			);
			inputFileListPaths = (
				"${PODS_ROOT}/Target Support Files/Pods-KUTRAVEL-KUTRAVELUITests/Pods-KUTRAVEL-KUTRAVELUITests-frameworks-${CONFIGURATION}-input-files.xcfilelist",
			);
			name = "[CP] Embed Pods Frameworks";
			outputFileListPaths = (
				"${PODS_ROOT}/Target Support Files/Pods-KUTRAVEL-KUTRAVELUITests/Pods-KUTRAVEL-KUTRAVELUITests-frameworks-${CONFIGURATION}-output-files.xcfilelist",
			);
			runOnlyForDeploymentPostprocessing = 0;
			shellPath = /bin/sh;
			shellScript = "\"${PODS_ROOT}/Target Support Files/Pods-KUTRAVEL-KUTRAVELUITests/Pods-KUTRAVEL-KUTRAVELUITests-frameworks.sh\"\n";
			showEnvVarsInLog = 0;
		};
		FAC40180156E983A31C27FCB /* [CP] Check Pods Manifest.lock */ = {
			isa = PBXShellScriptBuildPhase;
			buildActionMask = 2147483647;
			files = (
			);
			inputFileListPaths = (
			);
			inputPaths = (
				"${PODS_PODFILE_DIR_PATH}/Podfile.lock",
				"${PODS_ROOT}/Manifest.lock",
			);
			name = "[CP] Check Pods Manifest.lock";
			outputFileListPaths = (
			);
			outputPaths = (
				"$(DERIVED_FILE_DIR)/Pods-KUTRAVELTests-checkManifestLockResult.txt",
			);
			runOnlyForDeploymentPostprocessing = 0;
			shellPath = /bin/sh;
			shellScript = "diff \"${PODS_PODFILE_DIR_PATH}/Podfile.lock\" \"${PODS_ROOT}/Manifest.lock\" > /dev/null\nif [ $? != 0 ] ; then\n    # print error to STDERR\n    echo \"error: The sandbox is not in sync with the Podfile.lock. Run 'pod install' or update your CocoaPods installation.\" >&2\n    exit 1\nfi\n# This output is used by Xcode 'outputs' to avoid re-running this script phase.\necho \"SUCCESS\" > \"${SCRIPT_OUTPUT_FILE_0}\"\n";
			showEnvVarsInLog = 0;
		};
/* End PBXShellScriptBuildPhase section */

/* Begin PBXSourcesBuildPhase section */
		1EBFE2FB2A1D2BFD001C2EA3 /* Sources */ = {
			isa = PBXSourcesBuildPhase;
			buildActionMask = 2147483647;
			files = (
				1EB978262A1E61E000C2D42B /* RidesAfterSearchTableViewCell.swift in Sources */,
				1EB9788D2A1F6DAF00C2D42B /* MyReviewsTableViewCell.swift in Sources */,
				1EB978762A1F5DB600C2D42B /* ReviewOthersDataSource.swift in Sources */,
				1EB978242A1E61E000C2D42B /* HitchListTableViewCell.swift in Sources */,
				1EB978832A1F5E2B00C2D42B /* PublishRideHelper.swift in Sources */,
				54D4FF342A1E9E3E00E237F9 /* HitchhikeStatusViewController.swift in Sources */,
				1EB978472A1E7B1100C2D42B /* MyRidesDataDelegate.swift in Sources */,
				1EB978382A1E623300C2D42B /* ResetPasswordHelper.swift in Sources */,
				1EB978292A1E61EE00C2D42B /* searchRideUIView.swift in Sources */,
				1EB978792A1F5DD500C2D42B /* ReviewOthersDelegate.swift in Sources */,
				1EBFE3682A1D6544001C2EA3 /* LogInViewController.swift in Sources */,
				1E2E67B92A2107B7003F5FC4 /* StatsDataSource.swift in Sources */,
				1EB978872A1F5E3E00C2D42B /* District.swift in Sources */,
				1EB978222A1E61E000C2D42B /* HistoryOfHitchhikesTableViewCell.swift in Sources */,
				5459231B2A1FAF8C00EEEBB6 /* SearchRideViewController.swift in Sources */,
				1EB978712A1F5D5500C2D42B /* RideRequestsViewController.swift in Sources */,
				1EB978732A1F5D8400C2D42B /* PublishRideViewController.swift in Sources */,
				54D4FF362A1E9E7D00E237F9 /* MyHitchesDataSource.swift in Sources */,
				1EB978462A1E7B1100C2D42B /* MyRidesDataSource.swift in Sources */,
				1EB9788F2A1F6DD700C2D42B /* MyReviewsViewController.swift in Sources */,
				1EB978432A1E7A8800C2D42B /* MyRidesViewController.swift in Sources */,
				54D4FF3A2A1E9EFE00E237F9 /* MyHitch.swift in Sources */,
				1E2E67BB2A2107C9003F5FC4 /* StatsDataDelegate.swift in Sources */,
				1EB9788B2A1F5E8300C2D42B /* KuberDataSource.swift in Sources */,
				1EB978412A1E623300C2D42B /* SecondSignUpHelper.swift in Sources */,
				1EBFE3072A1D2BFD001C2EA3 /* ViewController.swift in Sources */,
				5459231F2A1FB08300EEEBB6 /* RidesDataSource.swift in Sources */,
				545923272A1FB28600EEEBB6 /* RidesDataDelegate.swift in Sources */,
				1EB9787D2A1F5DED00C2D42B /* RideRequestDataSource.swift in Sources */,
				1EB978372A1E623300C2D42B /* SignInDelegate.swift in Sources */,
				5459231D2A1FAFB500EEEBB6 /* RidesViewController.swift in Sources */,
				1EB978232A1E61E000C2D42B /* HistoryOfRidesTableViewCell.swift in Sources */,
				545923252A1FB27300EEEBB6 /* RideSearch.swift in Sources */,
				1EB978392A1E623300C2D42B /* SignUpDelegate.swift in Sources */,
				54D4FF3C2A1E9F2500E237F9 /* MyHitchesDataDelegate.swift in Sources */,
				1EBFE3692A1D6544001C2EA3 /* SecondSignUpViewController.swift in Sources */,
				545923212A1FB0EF00EEEBB6 /* RidesAfterSearchHelper.swift in Sources */,
				1EB9781A2A1E618600C2D42B /* ProfileScreenViewController.swift in Sources */,
				1EBFE3032A1D2BFD001C2EA3 /* AppDelegate.swift in Sources */,
				1EB9783F2A1E623300C2D42B /* User.swift in Sources */,
				1EB9783B2A1E623300C2D42B /* DatabaseManager.swift in Sources */,
				545923232A1FB12900EEEBB6 /* RidesAfterSearchDelegate.swift in Sources */,
				1EBFE3052A1D2BFD001C2EA3 /* SceneDelegate.swift in Sources */,
				1EB978192A1E618600C2D42B /* SignUpViewController.swift in Sources */,
				1EB9783E2A1E623300C2D42B /* SecondSignUpDelegate.swift in Sources */,
				1E2E67B72A210699003F5FC4 /* StatisticViewController.swift in Sources */,
				1EB9786F2A1F5D4400C2D42B /* ReviewOthersViewController.swift in Sources */,
				1EB9787C2A1F5DED00C2D42B /* RideRequestHelper.swift in Sources */,
				1EB978272A1E61E000C2D42B /* RideRequestTableViewCell.swift in Sources */,
				1EB978402A1E623300C2D42B /* ResetPasswordDelegate.swift in Sources */,
				54D4FF382A1E9EE700E237F9 /* Hitch.swift in Sources */,
				1EB978812A1F5E1300C2D42B /* RideRequestDataDelegate.swift in Sources */,
				1EB978772A1F5DB600C2D42B /* ReviewOthersHelper.swift in Sources */,
				1EB9787F2A1F5DF600C2D42B /* RideRequest.swift in Sources */,
				1EB9783D2A1E623300C2D42B /* ProfileDelegate.swift in Sources */,
				1EB9781B2A1E618600C2D42B /* ResetPasswordViewController.swift in Sources */,
				1EB978862A1F5E3E00C2D42B /* PublishRideDelegate.swift in Sources */,
				1EB978912A1F705200C2D42B /* Review.swift in Sources */,
				1EB978892A1F5E6200C2D42B /* ReviewOthersTableViewCell.swift in Sources */,
				1EB9783C2A1E623300C2D42B /* SignUpHelper.swift in Sources */,
				1EB978362A1E623300C2D42B /* SignInHelper.swift in Sources */,
				1EB978492A1E7B9F00C2D42B /* Ride.swift in Sources */,
				1EB978252A1E61E000C2D42B /* RideListTableViewCell.swift in Sources */,
				1EB9783A2A1E623300C2D42B /* ProfileHelper.swift in Sources */,
			);
			runOnlyForDeploymentPostprocessing = 0;
		};
		1EBFE3112A1D2C02001C2EA3 /* Sources */ = {
			isa = PBXSourcesBuildPhase;
			buildActionMask = 2147483647;
			files = (
				1EBFE31A2A1D2C02001C2EA3 /* KUTRAVELTests.swift in Sources */,
			);
			runOnlyForDeploymentPostprocessing = 0;
		};
		1EBFE31B2A1D2C02001C2EA3 /* Sources */ = {
			isa = PBXSourcesBuildPhase;
			buildActionMask = 2147483647;
			files = (
				1EBFE3262A1D2C02001C2EA3 /* KUTRAVELUITestsLaunchTests.swift in Sources */,
				1EBFE3242A1D2C02001C2EA3 /* KUTRAVELUITests.swift in Sources */,
			);
			runOnlyForDeploymentPostprocessing = 0;
		};
/* End PBXSourcesBuildPhase section */

/* Begin PBXTargetDependency section */
		1EBFE3172A1D2C02001C2EA3 /* PBXTargetDependency */ = {
			isa = PBXTargetDependency;
			target = 1EBFE2FE2A1D2BFD001C2EA3 /* KUTRAVEL */;
			targetProxy = 1EBFE3162A1D2C02001C2EA3 /* PBXContainerItemProxy */;
		};
		1EBFE3212A1D2C02001C2EA3 /* PBXTargetDependency */ = {
			isa = PBXTargetDependency;
			target = 1EBFE2FE2A1D2BFD001C2EA3 /* KUTRAVEL */;
			targetProxy = 1EBFE3202A1D2C02001C2EA3 /* PBXContainerItemProxy */;
		};
/* End PBXTargetDependency section */

/* Begin PBXVariantGroup section */
		1EBFE3082A1D2BFD001C2EA3 /* Main.storyboard */ = {
			isa = PBXVariantGroup;
			children = (
				1EBFE3092A1D2BFD001C2EA3 /* Base */,
			);
			name = Main.storyboard;
			sourceTree = "<group>";
		};
		1EBFE30D2A1D2C01001C2EA3 /* LaunchScreen.storyboard */ = {
			isa = PBXVariantGroup;
			children = (
				1EBFE30E2A1D2C01001C2EA3 /* Base */,
			);
			name = LaunchScreen.storyboard;
			sourceTree = "<group>";
		};
/* End PBXVariantGroup section */

/* Begin XCBuildConfiguration section */
		1EBFE3272A1D2C02001C2EA3 /* Debug */ = {
			isa = XCBuildConfiguration;
			buildSettings = {
				ALWAYS_SEARCH_USER_PATHS = NO;
				CLANG_ANALYZER_NONNULL = YES;
				CLANG_ANALYZER_NUMBER_OBJECT_CONVERSION = YES_AGGRESSIVE;
				CLANG_CXX_LANGUAGE_STANDARD = "gnu++20";
				CLANG_ENABLE_MODULES = YES;
				CLANG_ENABLE_OBJC_ARC = YES;
				CLANG_ENABLE_OBJC_WEAK = YES;
				CLANG_WARN_BLOCK_CAPTURE_AUTORELEASING = YES;
				CLANG_WARN_BOOL_CONVERSION = YES;
				CLANG_WARN_COMMA = YES;
				CLANG_WARN_CONSTANT_CONVERSION = YES;
				CLANG_WARN_DEPRECATED_OBJC_IMPLEMENTATIONS = YES;
				CLANG_WARN_DIRECT_OBJC_ISA_USAGE = YES_ERROR;
				CLANG_WARN_DOCUMENTATION_COMMENTS = YES;
				CLANG_WARN_EMPTY_BODY = YES;
				CLANG_WARN_ENUM_CONVERSION = YES;
				CLANG_WARN_INFINITE_RECURSION = YES;
				CLANG_WARN_INT_CONVERSION = YES;
				CLANG_WARN_NON_LITERAL_NULL_CONVERSION = YES;
				CLANG_WARN_OBJC_IMPLICIT_RETAIN_SELF = YES;
				CLANG_WARN_OBJC_LITERAL_CONVERSION = YES;
				CLANG_WARN_OBJC_ROOT_CLASS = YES_ERROR;
				CLANG_WARN_QUOTED_INCLUDE_IN_FRAMEWORK_HEADER = YES;
				CLANG_WARN_RANGE_LOOP_ANALYSIS = YES;
				CLANG_WARN_STRICT_PROTOTYPES = YES;
				CLANG_WARN_SUSPICIOUS_MOVE = YES;
				CLANG_WARN_UNGUARDED_AVAILABILITY = YES_AGGRESSIVE;
				CLANG_WARN_UNREACHABLE_CODE = YES;
				CLANG_WARN__DUPLICATE_METHOD_MATCH = YES;
				COPY_PHASE_STRIP = NO;
				DEBUG_INFORMATION_FORMAT = dwarf;
				ENABLE_STRICT_OBJC_MSGSEND = YES;
				ENABLE_TESTABILITY = YES;
				GCC_C_LANGUAGE_STANDARD = gnu11;
				GCC_DYNAMIC_NO_PIC = NO;
				GCC_NO_COMMON_BLOCKS = YES;
				GCC_OPTIMIZATION_LEVEL = 0;
				GCC_PREPROCESSOR_DEFINITIONS = (
					"DEBUG=1",
					"$(inherited)",
				);
				GCC_WARN_64_TO_32_BIT_CONVERSION = YES;
				GCC_WARN_ABOUT_RETURN_TYPE = YES_ERROR;
				GCC_WARN_UNDECLARED_SELECTOR = YES;
				GCC_WARN_UNINITIALIZED_AUTOS = YES_AGGRESSIVE;
				GCC_WARN_UNUSED_FUNCTION = YES;
				GCC_WARN_UNUSED_VARIABLE = YES;
				IPHONEOS_DEPLOYMENT_TARGET = 16.2;
				MTL_ENABLE_DEBUG_INFO = INCLUDE_SOURCE;
				MTL_FAST_MATH = YES;
				ONLY_ACTIVE_ARCH = YES;
				SDKROOT = iphoneos;
				SWIFT_ACTIVE_COMPILATION_CONDITIONS = DEBUG;
				SWIFT_OPTIMIZATION_LEVEL = "-Onone";
			};
			name = Debug;
		};
		1EBFE3282A1D2C02001C2EA3 /* Release */ = {
			isa = XCBuildConfiguration;
			buildSettings = {
				ALWAYS_SEARCH_USER_PATHS = NO;
				CLANG_ANALYZER_NONNULL = YES;
				CLANG_ANALYZER_NUMBER_OBJECT_CONVERSION = YES_AGGRESSIVE;
				CLANG_CXX_LANGUAGE_STANDARD = "gnu++20";
				CLANG_ENABLE_MODULES = YES;
				CLANG_ENABLE_OBJC_ARC = YES;
				CLANG_ENABLE_OBJC_WEAK = YES;
				CLANG_WARN_BLOCK_CAPTURE_AUTORELEASING = YES;
				CLANG_WARN_BOOL_CONVERSION = YES;
				CLANG_WARN_COMMA = YES;
				CLANG_WARN_CONSTANT_CONVERSION = YES;
				CLANG_WARN_DEPRECATED_OBJC_IMPLEMENTATIONS = YES;
				CLANG_WARN_DIRECT_OBJC_ISA_USAGE = YES_ERROR;
				CLANG_WARN_DOCUMENTATION_COMMENTS = YES;
				CLANG_WARN_EMPTY_BODY = YES;
				CLANG_WARN_ENUM_CONVERSION = YES;
				CLANG_WARN_INFINITE_RECURSION = YES;
				CLANG_WARN_INT_CONVERSION = YES;
				CLANG_WARN_NON_LITERAL_NULL_CONVERSION = YES;
				CLANG_WARN_OBJC_IMPLICIT_RETAIN_SELF = YES;
				CLANG_WARN_OBJC_LITERAL_CONVERSION = YES;
				CLANG_WARN_OBJC_ROOT_CLASS = YES_ERROR;
				CLANG_WARN_QUOTED_INCLUDE_IN_FRAMEWORK_HEADER = YES;
				CLANG_WARN_RANGE_LOOP_ANALYSIS = YES;
				CLANG_WARN_STRICT_PROTOTYPES = YES;
				CLANG_WARN_SUSPICIOUS_MOVE = YES;
				CLANG_WARN_UNGUARDED_AVAILABILITY = YES_AGGRESSIVE;
				CLANG_WARN_UNREACHABLE_CODE = YES;
				CLANG_WARN__DUPLICATE_METHOD_MATCH = YES;
				COPY_PHASE_STRIP = NO;
				DEBUG_INFORMATION_FORMAT = "dwarf-with-dsym";
				ENABLE_NS_ASSERTIONS = NO;
				ENABLE_STRICT_OBJC_MSGSEND = YES;
				GCC_C_LANGUAGE_STANDARD = gnu11;
				GCC_NO_COMMON_BLOCKS = YES;
				GCC_WARN_64_TO_32_BIT_CONVERSION = YES;
				GCC_WARN_ABOUT_RETURN_TYPE = YES_ERROR;
				GCC_WARN_UNDECLARED_SELECTOR = YES;
				GCC_WARN_UNINITIALIZED_AUTOS = YES_AGGRESSIVE;
				GCC_WARN_UNUSED_FUNCTION = YES;
				GCC_WARN_UNUSED_VARIABLE = YES;
				IPHONEOS_DEPLOYMENT_TARGET = 16.2;
				MTL_ENABLE_DEBUG_INFO = NO;
				MTL_FAST_MATH = YES;
				SDKROOT = iphoneos;
				SWIFT_COMPILATION_MODE = wholemodule;
				SWIFT_OPTIMIZATION_LEVEL = "-O";
				VALIDATE_PRODUCT = YES;
			};
			name = Release;
		};
		1EBFE32A2A1D2C02001C2EA3 /* Debug */ = {
			isa = XCBuildConfiguration;
			baseConfigurationReference = A2CDE92F9F4C4E7E1A466D72 /* Pods-KUTRAVEL.debug.xcconfig */;
			buildSettings = {
				ASSETCATALOG_COMPILER_APPICON_NAME = AppIcon;
				ASSETCATALOG_COMPILER_GLOBAL_ACCENT_COLOR_NAME = AccentColor;
				CODE_SIGN_STYLE = Automatic;
				CURRENT_PROJECT_VERSION = 1;
				GENERATE_INFOPLIST_FILE = YES;
				INFOPLIST_FILE = KUTRAVEL/Info.plist;
				INFOPLIST_KEY_UIApplicationSupportsIndirectInputEvents = YES;
				INFOPLIST_KEY_UILaunchStoryboardName = LaunchScreen;
				INFOPLIST_KEY_UIMainStoryboardFile = Main;
				INFOPLIST_KEY_UISupportedInterfaceOrientations_iPad = "UIInterfaceOrientationPortrait UIInterfaceOrientationPortraitUpsideDown UIInterfaceOrientationLandscapeLeft UIInterfaceOrientationLandscapeRight";
				INFOPLIST_KEY_UISupportedInterfaceOrientations_iPhone = "UIInterfaceOrientationPortrait UIInterfaceOrientationLandscapeLeft UIInterfaceOrientationLandscapeRight";
				LD_RUNPATH_SEARCH_PATHS = (
					"$(inherited)",
					"@executable_path/Frameworks",
				);
				MARKETING_VERSION = 1.0;
				PRODUCT_BUNDLE_IDENTIFIER = begumsen.KUTRAVEL;
				PRODUCT_NAME = "$(TARGET_NAME)";
				SWIFT_EMIT_LOC_STRINGS = YES;
				SWIFT_VERSION = 5.0;
				TARGETED_DEVICE_FAMILY = "1,2";
			};
			name = Debug;
		};
		1EBFE32B2A1D2C02001C2EA3 /* Release */ = {
			isa = XCBuildConfiguration;
			baseConfigurationReference = 00D6120DBF3195C5BE061122 /* Pods-KUTRAVEL.release.xcconfig */;
			buildSettings = {
				ASSETCATALOG_COMPILER_APPICON_NAME = AppIcon;
				ASSETCATALOG_COMPILER_GLOBAL_ACCENT_COLOR_NAME = AccentColor;
				CODE_SIGN_STYLE = Automatic;
				CURRENT_PROJECT_VERSION = 1;
				GENERATE_INFOPLIST_FILE = YES;
				INFOPLIST_FILE = KUTRAVEL/Info.plist;
				INFOPLIST_KEY_UIApplicationSupportsIndirectInputEvents = YES;
				INFOPLIST_KEY_UILaunchStoryboardName = LaunchScreen;
				INFOPLIST_KEY_UIMainStoryboardFile = Main;
				INFOPLIST_KEY_UISupportedInterfaceOrientations_iPad = "UIInterfaceOrientationPortrait UIInterfaceOrientationPortraitUpsideDown UIInterfaceOrientationLandscapeLeft UIInterfaceOrientationLandscapeRight";
				INFOPLIST_KEY_UISupportedInterfaceOrientations_iPhone = "UIInterfaceOrientationPortrait UIInterfaceOrientationLandscapeLeft UIInterfaceOrientationLandscapeRight";
				LD_RUNPATH_SEARCH_PATHS = (
					"$(inherited)",
					"@executable_path/Frameworks",
				);
				MARKETING_VERSION = 1.0;
				PRODUCT_BUNDLE_IDENTIFIER = begumsen.KUTRAVEL;
				PRODUCT_NAME = "$(TARGET_NAME)";
				SWIFT_EMIT_LOC_STRINGS = YES;
				SWIFT_VERSION = 5.0;
				TARGETED_DEVICE_FAMILY = "1,2";
			};
			name = Release;
		};
		1EBFE32D2A1D2C02001C2EA3 /* Debug */ = {
			isa = XCBuildConfiguration;
			baseConfigurationReference = FFF690693FB97462776DA149 /* Pods-KUTRAVELTests.debug.xcconfig */;
			buildSettings = {
				ALWAYS_EMBED_SWIFT_STANDARD_LIBRARIES = YES;
				BUNDLE_LOADER = "$(TEST_HOST)";
				CODE_SIGN_STYLE = Automatic;
				CURRENT_PROJECT_VERSION = 1;
				GENERATE_INFOPLIST_FILE = YES;
				IPHONEOS_DEPLOYMENT_TARGET = 16.2;
				MARKETING_VERSION = 1.0;
				PRODUCT_BUNDLE_IDENTIFIER = begumsen.KUTRAVELTests;
				PRODUCT_NAME = "$(TARGET_NAME)";
				SWIFT_EMIT_LOC_STRINGS = NO;
				SWIFT_VERSION = 5.0;
				TARGETED_DEVICE_FAMILY = "1,2";
				TEST_HOST = "$(BUILT_PRODUCTS_DIR)/KUTRAVEL.app/$(BUNDLE_EXECUTABLE_FOLDER_PATH)/KUTRAVEL";
			};
			name = Debug;
		};
		1EBFE32E2A1D2C02001C2EA3 /* Release */ = {
			isa = XCBuildConfiguration;
			baseConfigurationReference = C6B3E1C1CDC390B13F201F22 /* Pods-KUTRAVELTests.release.xcconfig */;
			buildSettings = {
				ALWAYS_EMBED_SWIFT_STANDARD_LIBRARIES = YES;
				BUNDLE_LOADER = "$(TEST_HOST)";
				CODE_SIGN_STYLE = Automatic;
				CURRENT_PROJECT_VERSION = 1;
				GENERATE_INFOPLIST_FILE = YES;
				IPHONEOS_DEPLOYMENT_TARGET = 16.2;
				MARKETING_VERSION = 1.0;
				PRODUCT_BUNDLE_IDENTIFIER = begumsen.KUTRAVELTests;
				PRODUCT_NAME = "$(TARGET_NAME)";
				SWIFT_EMIT_LOC_STRINGS = NO;
				SWIFT_VERSION = 5.0;
				TARGETED_DEVICE_FAMILY = "1,2";
				TEST_HOST = "$(BUILT_PRODUCTS_DIR)/KUTRAVEL.app/$(BUNDLE_EXECUTABLE_FOLDER_PATH)/KUTRAVEL";
			};
			name = Release;
		};
		1EBFE3302A1D2C02001C2EA3 /* Debug */ = {
			isa = XCBuildConfiguration;
			baseConfigurationReference = 427F383B4BC741CBB4091277 /* Pods-KUTRAVEL-KUTRAVELUITests.debug.xcconfig */;
			buildSettings = {
				ALWAYS_EMBED_SWIFT_STANDARD_LIBRARIES = YES;
				CODE_SIGN_STYLE = Automatic;
				CURRENT_PROJECT_VERSION = 1;
				GENERATE_INFOPLIST_FILE = YES;
				MARKETING_VERSION = 1.0;
				PRODUCT_BUNDLE_IDENTIFIER = begumsen.KUTRAVELUITests;
				PRODUCT_NAME = "$(TARGET_NAME)";
				SWIFT_EMIT_LOC_STRINGS = NO;
				SWIFT_VERSION = 5.0;
				TARGETED_DEVICE_FAMILY = "1,2";
				TEST_TARGET_NAME = KUTRAVEL;
			};
			name = Debug;
		};
		1EBFE3312A1D2C02001C2EA3 /* Release */ = {
			isa = XCBuildConfiguration;
			baseConfigurationReference = AE4BA02B53DC4A9C565B5387 /* Pods-KUTRAVEL-KUTRAVELUITests.release.xcconfig */;
			buildSettings = {
				ALWAYS_EMBED_SWIFT_STANDARD_LIBRARIES = YES;
				CODE_SIGN_STYLE = Automatic;
				CURRENT_PROJECT_VERSION = 1;
				GENERATE_INFOPLIST_FILE = YES;
				MARKETING_VERSION = 1.0;
				PRODUCT_BUNDLE_IDENTIFIER = begumsen.KUTRAVELUITests;
				PRODUCT_NAME = "$(TARGET_NAME)";
				SWIFT_EMIT_LOC_STRINGS = NO;
				SWIFT_VERSION = 5.0;
				TARGETED_DEVICE_FAMILY = "1,2";
				TEST_TARGET_NAME = KUTRAVEL;
			};
			name = Release;
		};
/* End XCBuildConfiguration section */

/* Begin XCConfigurationList section */
		1EBFE2FA2A1D2BFD001C2EA3 /* Build configuration list for PBXProject "KUTRAVEL" */ = {
			isa = XCConfigurationList;
			buildConfigurations = (
				1EBFE3272A1D2C02001C2EA3 /* Debug */,
				1EBFE3282A1D2C02001C2EA3 /* Release */,
			);
			defaultConfigurationIsVisible = 0;
			defaultConfigurationName = Release;
		};
		1EBFE3292A1D2C02001C2EA3 /* Build configuration list for PBXNativeTarget "KUTRAVEL" */ = {
			isa = XCConfigurationList;
			buildConfigurations = (
				1EBFE32A2A1D2C02001C2EA3 /* Debug */,
				1EBFE32B2A1D2C02001C2EA3 /* Release */,
			);
			defaultConfigurationIsVisible = 0;
			defaultConfigurationName = Release;
		};
		1EBFE32C2A1D2C02001C2EA3 /* Build configuration list for PBXNativeTarget "KUTRAVELTests" */ = {
			isa = XCConfigurationList;
			buildConfigurations = (
				1EBFE32D2A1D2C02001C2EA3 /* Debug */,
				1EBFE32E2A1D2C02001C2EA3 /* Release */,
			);
			defaultConfigurationIsVisible = 0;
			defaultConfigurationName = Release;
		};
		1EBFE32F2A1D2C02001C2EA3 /* Build configuration list for PBXNativeTarget "KUTRAVELUITests" */ = {
			isa = XCConfigurationList;
			buildConfigurations = (
				1EBFE3302A1D2C02001C2EA3 /* Debug */,
				1EBFE3312A1D2C02001C2EA3 /* Release */,
			);
			defaultConfigurationIsVisible = 0;
			defaultConfigurationName = Release;
		};
/* End XCConfigurationList section */
	};
	rootObject = 1EBFE2F72A1D2BFD001C2EA3 /* Project object */;
}
